
Microsoft Visual Studio Solution File, Format Version 12.00
# Visual Studio Version 16
VisualStudioVersion = 16.0.31911.196
MinimumVisualStudioVersion = 10.0.40219.1
Project("{FAE04EC0-301F-11D3-BF4B-00C04F79EFBC}") = "Sklad", "Sklad.csproj", "{CEF93377-985F-4C25-A175-360C1208B528}"
EndProject
Global
	GlobalSection(SolutionConfigurationPlatforms) = preSolution
		Debug|Any CPU = Debug|Any CPU
		Release|Any CPU = Release|Any CPU
	EndGlobalSection
	GlobalSection(ProjectConfigurationPlatforms) = postSolution
		{CEF93377-985F-4C25-A175-360C1208B528}.Debug|Any CPU.ActiveCfg = Debug|Any CPU
		{CEF93377-985F-4C25-A175-360C1208B528}.Debug|Any CPU.Build.0 = Debug|Any CPU
		{CEF93377-985F-4C25-A175-360C1208B528}.Release|Any CPU.ActiveCfg = Release|Any CPU
		{CEF93377-985F-4C25-A175-360C1208B528}.Release|Any CPU.Build.0 = Release|Any CPU
	EndGlobalSection
	GlobalSection(SolutionProperties) = preSolution
		HideSolutionNode = FALSE
	EndGlobalSection
	GlobalSection(ExtensibilityGlobals) = postSolution
		SolutionGuid = {2F0FE266-3391-4B5B-AD7D-2F7B1F148FC0}
	EndGlobalSection
EndGlobal
